<?xml version="1.0" encoding="utf-8"?>
<Project ToolsVersion="4.0" xmlns="http://schemas.microsoft.com/developer/msbuild/2003">
  <ItemGroup>
    <Filter Include="源文件">
      <UniqueIdentifier>{4FC737F1-C7A5-4376-A066-2A32D752A2FF}</UniqueIdentifier>
      <Extensions>cpp;c;cc;cxx;def;odl;idl;hpj;bat;asm;asmx</Extensions>
    </Filter>
    <Filter Include="头文件">
      <UniqueIdentifier>{93995380-89BD-4b04-88EB-625FBE52EBFB}</UniqueIdentifier>
      <Extensions>h;hh;hpp;hxx;hm;inl;inc;ipp;xsd</Extensions>
    </Filter>
    <Filter Include="资源文件">
      <UniqueIdentifier>{67DA6AB6-F800-4c08-8B7A-83BB121AAD01}</UniqueIdentifier>
      <Extensions>rc;ico;cur;bmp;dlg;rc2;rct;bin;rgs;gif;jpg;jpeg;jpe;resx;tiff;tif;png;wav;mfcribbon-ms</Extensions>
    </Filter>
    <Filter Include="资源文件\Resources">
      <UniqueIdentifier>{cead656c-0133-4ac5-9422-4ce813b23b02}</UniqueIdentifier>
    </Filter>
    <Filter Include="资源文件\Shader">
      <UniqueIdentifier>{9ff28c80-c9f8-48b9-b1df-4e7b5383cad0}</UniqueIdentifier>
    </Filter>
    <Filter Include="头文件\Model">
      <UniqueIdentifier>{e4a28174-65a9-4369-a11c-78fb48b0ce44}</UniqueIdentifier>
    </Filter>
    <Filter Include="头文件\Common">
      <UniqueIdentifier>{7e52f9da-9f1f-46f0-97de-e3cb3ceb5773}</UniqueIdentifier>
    </Filter>
    <Filter Include="源文件\Model">
      <UniqueIdentifier>{0ceab5a3-43c0-459d-8303-60e6488775b8}</UniqueIdentifier>
    </Filter>
  </ItemGroup>
  <ItemGroup>
    <ClCompile Include="main.cpp">
      <Filter>源文件</Filter>
    </ClCompile>
    <ClCompile Include="Shader.cpp">
      <Filter>源文件</Filter>
    </ClCompile>
    <ClCompile Include="ImGuiTool.cpp">
      <Filter>源文件</Filter>
    </ClCompile>
    <ClCompile Include="Mesh.cpp">
      <Filter>源文件\Model</Filter>
    </ClCompile>
    <ClCompile Include="Model.cpp">
      <Filter>源文件\Model</Filter>
    </ClCompile>
  </ItemGroup>
  <ItemGroup>
    <Image Include="Resources\awesomeface.png">
      <Filter>资源文件\Resources</Filter>
    </Image>
    <Image Include="Resources\container.jpg">
      <Filter>资源文件\Resources</Filter>
    </Image>
    <Image Include="Resources\container2.png">
      <Filter>资源文件\Resources</Filter>
    </Image>
    <Image Include="Resources\container2_specular.png">
      <Filter>资源文件\Resources</Filter>
    </Image>
    <Image Include="Resources\matrix.jpg">
      <Filter>资源文件\Resources</Filter>
    </Image>
  </ItemGroup>
  <ItemGroup>
    <None Include="Shader\Texture_VertextShader.glsl">
      <Filter>资源文件\Shader</Filter>
    </None>
    <None Include="Shader\Texture_FragmentShader.glsl">
      <Filter>资源文件\Shader</Filter>
    </None>
    <None Include="Shader\light_FragmentShader.glsl">
      <Filter>资源文件\Shader</Filter>
    </None>
    <None Include="Shader\light_VertextShader.glsl">
      <Filter>资源文件\Shader</Filter>
    </None>
    <None Include="Shader\light_lamp_FragmentShader.glsl">
      <Filter>资源文件\Shader</Filter>
    </None>
    <None Include="Shader\model_FragmentShader.glsl">
      <Filter>资源文件\Shader</Filter>
    </None>
    <None Include="Shader\model_VertextShader.glsl">
      <Filter>资源文件\Shader</Filter>
    </None>
    <None Include="packages.config" />
  </ItemGroup>
  <ItemGroup>
    <ClInclude Include="Shader.h">
      <Filter>头文件</Filter>
    </ClInclude>
    <ClInclude Include="stb_image.h">
      <Filter>头文件</Filter>
    </ClInclude>
    <ClInclude Include="Scene.h">
      <Filter>头文件</Filter>
    </ClInclude>
    <ClInclude Include="ImGuiTool.h">
      <Filter>头文件</Filter>
    </ClInclude>
    <ClInclude Include="Main.h">
      <Filter>头文件</Filter>
    </ClInclude>
    <ClInclude Include="Camera.h">
      <Filter>头文件\Model</Filter>
    </ClInclude>
    <ClInclude Include="Cube.h">
      <Filter>头文件\Model</Filter>
    </ClInclude>
    <ClInclude Include="StructCollect.h">
      <Filter>头文件\Common</Filter>
    </ClInclude>
    <ClInclude Include="ImgCache.h">
      <Filter>头文件\Common</Filter>
    </ClInclude>
    <ClInclude Include="Templates.h">
      <Filter>头文件\Common</Filter>
    </ClInclude>
    <ClInclude Include="Utils.h">
      <Filter>头文件\Common</Filter>
    </ClInclude>
    <ClInclude Include="Mesh.h">
      <Filter>头文件\Model</Filter>
    </ClInclude>
    <ClInclude Include="Model.h">
      <Filter>头文件\Model</Filter>
    </ClInclude>
    <ClInclude Include="Node.h">
      <Filter>头文件\Model</Filter>
    </ClInclude>
    <ClInclude Include="Director.h">
      <Filter>头文件\Common</Filter>
    </ClInclude>
  </ItemGroup>
</Project>